
Microsoft Visual Studio Solution File, Format Version 12.00
# Visual Studio 15
VisualStudioVersion = 15.0.27004.2006
MinimumVisualStudioVersion = 10.0.40219.1
Project("{FAE04EC0-301F-11D3-BF4B-00C04F79EFBC}") = "01.MathOperation", "01. MathOperation\01.MathOperation.csproj", "{D2BC62AB-F3E0-401F-B5FF-599F1B793335}"
EndProject
Project("{FAE04EC0-301F-11D3-BF4B-00C04F79EFBC}") = "02.Animals", "02. Animals\02.Animals.csproj", "{74786E60-9A97-45C4-A13C-09182F487375}"
EndProject
Project("{FAE04EC0-301F-11D3-BF4B-00C04F79EFBC}") = "03.Shapes", "03. Shapes\03.Shapes.csproj", "{D7CA174D-6DB5-48A5-A5D4-CD5FEDD95428}"
EndProject
Global
	GlobalSection(SolutionConfigurationPlatforms) = preSolution
		Debug|Any CPU = Debug|Any CPU
		Release|Any CPU = Release|Any CPU
	EndGlobalSection
	GlobalSection(ProjectConfigurationPlatforms) = postSolution
		{D2BC62AB-F3E0-401F-B5FF-599F1B793335}.Debug|Any CPU.ActiveCfg = Debug|Any CPU
		{D2BC62AB-F3E0-401F-B5FF-599F1B793335}.Debug|Any CPU.Build.0 = Debug|Any CPU
		{D2BC62AB-F3E0-401F-B5FF-599F1B793335}.Release|Any CPU.ActiveCfg = Release|Any CPU
		{D2BC62AB-F3E0-401F-B5FF-599F1B793335}.Release|Any CPU.Build.0 = Release|Any CPU
		{74786E60-9A97-45C4-A13C-09182F487375}.Debug|Any CPU.ActiveCfg = Debug|Any CPU
		{74786E60-9A97-45C4-A13C-09182F487375}.Debug|Any CPU.Build.0 = Debug|Any CPU
		{74786E60-9A97-45C4-A13C-09182F487375}.Release|Any CPU.ActiveCfg = Release|Any CPU
		{74786E60-9A97-45C4-A13C-09182F487375}.Release|Any CPU.Build.0 = Release|Any CPU
		{D7CA174D-6DB5-48A5-A5D4-CD5FEDD95428}.Debug|Any CPU.ActiveCfg = Debug|Any CPU
		{D7CA174D-6DB5-48A5-A5D4-CD5FEDD95428}.Debug|Any CPU.Build.0 = Debug|Any CPU
		{D7CA174D-6DB5-48A5-A5D4-CD5FEDD95428}.Release|Any CPU.ActiveCfg = Release|Any CPU
		{D7CA174D-6DB5-48A5-A5D4-CD5FEDD95428}.Release|Any CPU.Build.0 = Release|Any CPU
	EndGlobalSection
	GlobalSection(SolutionProperties) = preSolution
		HideSolutionNode = FALSE
	EndGlobalSection
	GlobalSection(ExtensibilityGlobals) = postSolution
		SolutionGuid = {C566CAC8-93F6-466A-9946-B85015B9BCF1}
	EndGlobalSection
EndGlobal
