
Microsoft Visual Studio Solution File, Format Version 12.00
# Visual Studio 14
VisualStudioVersion = 14.0.25123.0
MinimumVisualStudioVersion = 10.0.40219.1
Project("{FAE04EC0-301F-11D3-BF4B-00C04F79EFBC}") = "01. Define a class Person", "01. Define a class Person\01. Define a class Person.csproj", "{824E9891-DBCC-4F6B-AA24-FB2BFDBC8C36}"
EndProject
Project("{FAE04EC0-301F-11D3-BF4B-00C04F79EFBC}") = "02. Creating Constructors", "02. Creating Constructors\02. Creating Constructors.csproj", "{B7EA6AE9-6703-4530-B408-FCC90638CF55}"
EndProject
Project("{FAE04EC0-301F-11D3-BF4B-00C04F79EFBC}") = "03. Opinion Poll", "03. Opinion Poll\03. Opinion Poll.csproj", "{1D93B481-C950-4819-819A-D21F4404CAFA}"
EndProject
Project("{FAE04EC0-301F-11D3-BF4B-00C04F79EFBC}") = "04. Company Roster", "04. Company Roster\04. Company Roster.csproj", "{394BCBDE-3F8A-45D1-A22D-6F772DE0C2BF}"
EndProject
Project("{FAE04EC0-301F-11D3-BF4B-00C04F79EFBC}") = "05. Speed Racing", "05. Speed Racing\05. Speed Racing.csproj", "{8F5EEFBA-71E1-4CCF-9F3D-B935B55E53F6}"
EndProject
Project("{FAE04EC0-301F-11D3-BF4B-00C04F79EFBC}") = "06. Raw Data", "06. Raw Data\06. Raw Data.csproj", "{9CF0994A-9076-4AF9-ACC5-AF40F4049E79}"
EndProject
Project("{FAE04EC0-301F-11D3-BF4B-00C04F79EFBC}") = "07. Car Salesman", "07. Car Salesman\07. Car Salesman.csproj", "{3B64E477-A2B9-4FC7-88C9-94A7EA939C6E}"
EndProject
Project("{FAE04EC0-301F-11D3-BF4B-00C04F79EFBC}") = "08. Pokemon Trainer", "08. Pokemon Trainer\08. Pokemon Trainer.csproj", "{102B4B54-CA0A-425D-9482-A0F6EEB9BC3F}"
EndProject
Project("{FAE04EC0-301F-11D3-BF4B-00C04F79EFBC}") = "09. Google", "09. Google\09. Google.csproj", "{3BE08B6F-8C15-4407-923A-F1B203E281A2}"
EndProject
Global
	GlobalSection(SolutionConfigurationPlatforms) = preSolution
		Debug|Any CPU = Debug|Any CPU
		Release|Any CPU = Release|Any CPU
	EndGlobalSection
	GlobalSection(ProjectConfigurationPlatforms) = postSolution
		{824E9891-DBCC-4F6B-AA24-FB2BFDBC8C36}.Debug|Any CPU.ActiveCfg = Debug|Any CPU
		{824E9891-DBCC-4F6B-AA24-FB2BFDBC8C36}.Debug|Any CPU.Build.0 = Debug|Any CPU
		{824E9891-DBCC-4F6B-AA24-FB2BFDBC8C36}.Release|Any CPU.ActiveCfg = Release|Any CPU
		{824E9891-DBCC-4F6B-AA24-FB2BFDBC8C36}.Release|Any CPU.Build.0 = Release|Any CPU
		{B7EA6AE9-6703-4530-B408-FCC90638CF55}.Debug|Any CPU.ActiveCfg = Debug|Any CPU
		{B7EA6AE9-6703-4530-B408-FCC90638CF55}.Debug|Any CPU.Build.0 = Debug|Any CPU
		{B7EA6AE9-6703-4530-B408-FCC90638CF55}.Release|Any CPU.ActiveCfg = Release|Any CPU
		{B7EA6AE9-6703-4530-B408-FCC90638CF55}.Release|Any CPU.Build.0 = Release|Any CPU
		{1D93B481-C950-4819-819A-D21F4404CAFA}.Debug|Any CPU.ActiveCfg = Debug|Any CPU
		{1D93B481-C950-4819-819A-D21F4404CAFA}.Debug|Any CPU.Build.0 = Debug|Any CPU
		{1D93B481-C950-4819-819A-D21F4404CAFA}.Release|Any CPU.ActiveCfg = Release|Any CPU
		{1D93B481-C950-4819-819A-D21F4404CAFA}.Release|Any CPU.Build.0 = Release|Any CPU
		{394BCBDE-3F8A-45D1-A22D-6F772DE0C2BF}.Debug|Any CPU.ActiveCfg = Debug|Any CPU
		{394BCBDE-3F8A-45D1-A22D-6F772DE0C2BF}.Debug|Any CPU.Build.0 = Debug|Any CPU
		{394BCBDE-3F8A-45D1-A22D-6F772DE0C2BF}.Release|Any CPU.ActiveCfg = Release|Any CPU
		{394BCBDE-3F8A-45D1-A22D-6F772DE0C2BF}.Release|Any CPU.Build.0 = Release|Any CPU
		{8F5EEFBA-71E1-4CCF-9F3D-B935B55E53F6}.Debug|Any CPU.ActiveCfg = Debug|Any CPU
		{8F5EEFBA-71E1-4CCF-9F3D-B935B55E53F6}.Debug|Any CPU.Build.0 = Debug|Any CPU
		{8F5EEFBA-71E1-4CCF-9F3D-B935B55E53F6}.Release|Any CPU.ActiveCfg = Release|Any CPU
		{8F5EEFBA-71E1-4CCF-9F3D-B935B55E53F6}.Release|Any CPU.Build.0 = Release|Any CPU
		{9CF0994A-9076-4AF9-ACC5-AF40F4049E79}.Debug|Any CPU.ActiveCfg = Debug|Any CPU
		{9CF0994A-9076-4AF9-ACC5-AF40F4049E79}.Debug|Any CPU.Build.0 = Debug|Any CPU
		{9CF0994A-9076-4AF9-ACC5-AF40F4049E79}.Release|Any CPU.ActiveCfg = Release|Any CPU
		{9CF0994A-9076-4AF9-ACC5-AF40F4049E79}.Release|Any CPU.Build.0 = Release|Any CPU
		{3B64E477-A2B9-4FC7-88C9-94A7EA939C6E}.Debug|Any CPU.ActiveCfg = Debug|Any CPU
		{3B64E477-A2B9-4FC7-88C9-94A7EA939C6E}.Debug|Any CPU.Build.0 = Debug|Any CPU
		{3B64E477-A2B9-4FC7-88C9-94A7EA939C6E}.Release|Any CPU.ActiveCfg = Release|Any CPU
		{3B64E477-A2B9-4FC7-88C9-94A7EA939C6E}.Release|Any CPU.Build.0 = Release|Any CPU
		{102B4B54-CA0A-425D-9482-A0F6EEB9BC3F}.Debug|Any CPU.ActiveCfg = Debug|Any CPU
		{102B4B54-CA0A-425D-9482-A0F6EEB9BC3F}.Debug|Any CPU.Build.0 = Debug|Any CPU
		{102B4B54-CA0A-425D-9482-A0F6EEB9BC3F}.Release|Any CPU.ActiveCfg = Release|Any CPU
		{102B4B54-CA0A-425D-9482-A0F6EEB9BC3F}.Release|Any CPU.Build.0 = Release|Any CPU
		{3BE08B6F-8C15-4407-923A-F1B203E281A2}.Debug|Any CPU.ActiveCfg = Debug|Any CPU
		{3BE08B6F-8C15-4407-923A-F1B203E281A2}.Debug|Any CPU.Build.0 = Debug|Any CPU
		{3BE08B6F-8C15-4407-923A-F1B203E281A2}.Release|Any CPU.ActiveCfg = Release|Any CPU
		{3BE08B6F-8C15-4407-923A-F1B203E281A2}.Release|Any CPU.Build.0 = Release|Any CPU
	EndGlobalSection
	GlobalSection(SolutionProperties) = preSolution
		HideSolutionNode = FALSE
	EndGlobalSection
EndGlobal
