
Microsoft Visual Studio Solution File, Format Version 12.00
# Visual Studio 15
VisualStudioVersion = 15.0.27004.2006
MinimumVisualStudioVersion = 10.0.40219.1
Project("{FAE04EC0-301F-11D3-BF4B-00C04F79EFBC}") = "Hierarchy.Tests", "Hierarchy.Tests\Hierarchy.Tests.csproj", "{2DAE8F93-F89B-42F8-A034-14B641BDAA37}"
EndProject
Project("{FAE04EC0-301F-11D3-BF4B-00C04F79EFBC}") = "Hierarchy", "Hierarchy.Core\Hierarchy.csproj", "{5BD3C008-9F76-4A6B-8908-CA06AEC8607E}"
EndProject
Global
	GlobalSection(SolutionConfigurationPlatforms) = preSolution
		Debug|Any CPU = Debug|Any CPU
		Release|Any CPU = Release|Any CPU
	EndGlobalSection
	GlobalSection(ProjectConfigurationPlatforms) = postSolution
		{2DAE8F93-F89B-42F8-A034-14B641BDAA37}.Debug|Any CPU.ActiveCfg = Debug|Any CPU
		{2DAE8F93-F89B-42F8-A034-14B641BDAA37}.Debug|Any CPU.Build.0 = Debug|Any CPU
		{2DAE8F93-F89B-42F8-A034-14B641BDAA37}.Release|Any CPU.ActiveCfg = Release|Any CPU
		{2DAE8F93-F89B-42F8-A034-14B641BDAA37}.Release|Any CPU.Build.0 = Release|Any CPU
		{5BD3C008-9F76-4A6B-8908-CA06AEC8607E}.Debug|Any CPU.ActiveCfg = Debug|Any CPU
		{5BD3C008-9F76-4A6B-8908-CA06AEC8607E}.Debug|Any CPU.Build.0 = Debug|Any CPU
		{5BD3C008-9F76-4A6B-8908-CA06AEC8607E}.Release|Any CPU.ActiveCfg = Release|Any CPU
		{5BD3C008-9F76-4A6B-8908-CA06AEC8607E}.Release|Any CPU.Build.0 = Release|Any CPU
	EndGlobalSection
	GlobalSection(SolutionProperties) = preSolution
		HideSolutionNode = FALSE
	EndGlobalSection
	GlobalSection(ExtensibilityGlobals) = postSolution
		SolutionGuid = {F7EB5691-4001-4DB4-9A13-7894681CC576}
	EndGlobalSection
EndGlobal
