
Microsoft Visual Studio Solution File, Format Version 12.00
# Visual Studio 14
VisualStudioVersion = 14.0.25420.1
MinimumVisualStudioVersion = 10.0.40219.1
Project("{FAE04EC0-301F-11D3-BF4B-00C04F79EFBC}") = "KdTree", "KdTree\KdTree.csproj", "{C90F5499-51CE-4DA1-876F-FB10CEAEE28A}"
EndProject
Project("{FAE04EC0-301F-11D3-BF4B-00C04F79EFBC}") = "KdTree.Tests", "KdTree.Tests\KdTree.Tests.csproj", "{1286364C-A28D-4C7B-8B2A-F20906337BD2}"
EndProject
Global
	GlobalSection(SolutionConfigurationPlatforms) = preSolution
		Debug|Any CPU = Debug|Any CPU
		Release|Any CPU = Release|Any CPU
	EndGlobalSection
	GlobalSection(ProjectConfigurationPlatforms) = postSolution
		{C90F5499-51CE-4DA1-876F-FB10CEAEE28A}.Debug|Any CPU.ActiveCfg = Debug|Any CPU
		{C90F5499-51CE-4DA1-876F-FB10CEAEE28A}.Debug|Any CPU.Build.0 = Debug|Any CPU
		{C90F5499-51CE-4DA1-876F-FB10CEAEE28A}.Release|Any CPU.ActiveCfg = Release|Any CPU
		{C90F5499-51CE-4DA1-876F-FB10CEAEE28A}.Release|Any CPU.Build.0 = Release|Any CPU
		{1286364C-A28D-4C7B-8B2A-F20906337BD2}.Debug|Any CPU.ActiveCfg = Debug|Any CPU
		{1286364C-A28D-4C7B-8B2A-F20906337BD2}.Debug|Any CPU.Build.0 = Debug|Any CPU
		{1286364C-A28D-4C7B-8B2A-F20906337BD2}.Release|Any CPU.ActiveCfg = Release|Any CPU
		{1286364C-A28D-4C7B-8B2A-F20906337BD2}.Release|Any CPU.Build.0 = Release|Any CPU
	EndGlobalSection
	GlobalSection(SolutionProperties) = preSolution
		HideSolutionNode = FALSE
	EndGlobalSection
EndGlobal
