
Microsoft Visual Studio Solution File, Format Version 12.00
# Visual Studio 15
VisualStudioVersion = 15.0.27130.2010
MinimumVisualStudioVersion = 10.0.40219.1
Project("{FAE04EC0-301F-11D3-BF4B-00C04F79EFBC}") = "Last Army", "Last Army\Last Army.csproj", "{FA1AC72F-2CD0-4247-9078-B9BD8C9216CC}"
EndProject
Project("{FAE04EC0-301F-11D3-BF4B-00C04F79EFBC}") = "LastArmy.Tests", "LastArmy.Tests\LastArmy.Tests.csproj", "{9BF8DB89-588A-424A-8E1A-FEB1DB8A3EED}"
EndProject
Project("{FAE04EC0-301F-11D3-BF4B-00C04F79EFBC}") = "LastArmy.MyTests", "LastArmy.MyTests\LastArmy.MyTests.csproj", "{A318C95C-FC21-458E-BFAB-84E8EB93F6F6}"
EndProject
Global
	GlobalSection(SolutionConfigurationPlatforms) = preSolution
		Debug|Any CPU = Debug|Any CPU
		Release|Any CPU = Release|Any CPU
	EndGlobalSection
	GlobalSection(ProjectConfigurationPlatforms) = postSolution
		{FA1AC72F-2CD0-4247-9078-B9BD8C9216CC}.Debug|Any CPU.ActiveCfg = Debug|Any CPU
		{FA1AC72F-2CD0-4247-9078-B9BD8C9216CC}.Debug|Any CPU.Build.0 = Debug|Any CPU
		{FA1AC72F-2CD0-4247-9078-B9BD8C9216CC}.Release|Any CPU.ActiveCfg = Release|Any CPU
		{FA1AC72F-2CD0-4247-9078-B9BD8C9216CC}.Release|Any CPU.Build.0 = Release|Any CPU
		{9BF8DB89-588A-424A-8E1A-FEB1DB8A3EED}.Debug|Any CPU.ActiveCfg = Debug|Any CPU
		{9BF8DB89-588A-424A-8E1A-FEB1DB8A3EED}.Debug|Any CPU.Build.0 = Debug|Any CPU
		{9BF8DB89-588A-424A-8E1A-FEB1DB8A3EED}.Release|Any CPU.ActiveCfg = Release|Any CPU
		{9BF8DB89-588A-424A-8E1A-FEB1DB8A3EED}.Release|Any CPU.Build.0 = Release|Any CPU
		{A318C95C-FC21-458E-BFAB-84E8EB93F6F6}.Debug|Any CPU.ActiveCfg = Debug|Any CPU
		{A318C95C-FC21-458E-BFAB-84E8EB93F6F6}.Debug|Any CPU.Build.0 = Debug|Any CPU
		{A318C95C-FC21-458E-BFAB-84E8EB93F6F6}.Release|Any CPU.ActiveCfg = Release|Any CPU
		{A318C95C-FC21-458E-BFAB-84E8EB93F6F6}.Release|Any CPU.Build.0 = Release|Any CPU
	EndGlobalSection
	GlobalSection(SolutionProperties) = preSolution
		HideSolutionNode = FALSE
	EndGlobalSection
	GlobalSection(ExtensibilityGlobals) = postSolution
		SolutionGuid = {46F77300-7E03-45C3-B450-BF78189CACB5}
	EndGlobalSection
EndGlobal
