
Microsoft Visual Studio Solution File, Format Version 12.00
# Visual Studio 15
VisualStudioVersion = 15.0.27428.2027
MinimumVisualStudioVersion = 10.0.40219.1
Project("{9A19103F-16F7-4668-BE54-9A1E7A4F7556}") = "Forum.App", "Forum.App\Forum.App.csproj", "{CF525ABD-444C-4733-9733-C9667C493156}"
EndProject
Project("{9A19103F-16F7-4668-BE54-9A1E7A4F7556}") = "Forum.Data", "Forum.Data\Forum.Data.csproj", "{2C5997D3-893E-414C-A9F3-2F1FD85415D8}"
EndProject
Project("{9A19103F-16F7-4668-BE54-9A1E7A4F7556}") = "Forum.DataModels", "Forum.Models\Forum.DataModels.csproj", "{4F7E8D71-AFC7-4002-983C-73337AEF82C6}"
EndProject
Global
	GlobalSection(SolutionConfigurationPlatforms) = preSolution
		Debug|Any CPU = Debug|Any CPU
		Release|Any CPU = Release|Any CPU
	EndGlobalSection
	GlobalSection(ProjectConfigurationPlatforms) = postSolution
		{CF525ABD-444C-4733-9733-C9667C493156}.Debug|Any CPU.ActiveCfg = Debug|Any CPU
		{CF525ABD-444C-4733-9733-C9667C493156}.Debug|Any CPU.Build.0 = Debug|Any CPU
		{CF525ABD-444C-4733-9733-C9667C493156}.Release|Any CPU.ActiveCfg = Release|Any CPU
		{CF525ABD-444C-4733-9733-C9667C493156}.Release|Any CPU.Build.0 = Release|Any CPU
		{2C5997D3-893E-414C-A9F3-2F1FD85415D8}.Debug|Any CPU.ActiveCfg = Debug|Any CPU
		{2C5997D3-893E-414C-A9F3-2F1FD85415D8}.Debug|Any CPU.Build.0 = Debug|Any CPU
		{2C5997D3-893E-414C-A9F3-2F1FD85415D8}.Release|Any CPU.ActiveCfg = Release|Any CPU
		{2C5997D3-893E-414C-A9F3-2F1FD85415D8}.Release|Any CPU.Build.0 = Release|Any CPU
		{4F7E8D71-AFC7-4002-983C-73337AEF82C6}.Debug|Any CPU.ActiveCfg = Debug|Any CPU
		{4F7E8D71-AFC7-4002-983C-73337AEF82C6}.Debug|Any CPU.Build.0 = Debug|Any CPU
		{4F7E8D71-AFC7-4002-983C-73337AEF82C6}.Release|Any CPU.ActiveCfg = Release|Any CPU
		{4F7E8D71-AFC7-4002-983C-73337AEF82C6}.Release|Any CPU.Build.0 = Release|Any CPU
	EndGlobalSection
	GlobalSection(SolutionProperties) = preSolution
		HideSolutionNode = FALSE
	EndGlobalSection
	GlobalSection(ExtensibilityGlobals) = postSolution
		SolutionGuid = {D75C19FA-2312-4C7B-A402-FD026ED0BC5E}
	EndGlobalSection
EndGlobal
