
Microsoft Visual Studio Solution File, Format Version 11.00
# Visual Studio 2010
Project("{FAE04EC0-301F-11D3-BF4B-00C04F79EFBC}") = "02. Reading and Printing Strings", "ReadingPrintingStrings\02. Reading and Printing Strings.csproj", "{746865EE-2979-489B-B535-8F5D4D366CB5}"
EndProject
Project("{FAE04EC0-301F-11D3-BF4B-00C04F79EFBC}") = "03. Finding Smallest String", "Finding-Smallest-String\03. Finding Smallest String.csproj", "{B6CE7794-0819-4D38-8337-DFB946C6C2FA}"
EndProject
Project("{FAE04EC0-301F-11D3-BF4B-00C04F79EFBC}") = "04. Concatenating Strings", "String-Concatenation\04. Concatenating Strings.csproj", "{B4F24D89-9AA9-4C3C-8B2A-80D8D845D071}"
EndProject
Project("{FAE04EC0-301F-11D3-BF4B-00C04F79EFBC}") = "05. Searching in Strings", "Searching-In-String\05. Searching in Strings.csproj", "{E292D6FA-E2F3-46A8-BBB5-E4D2BC345E98}"
EndProject
Project("{FAE04EC0-301F-11D3-BF4B-00C04F79EFBC}") = "06. Extracting Substrings", "Extracting-Substrings\06. Extracting Substrings.csproj", "{3AAB5D38-E8B2-42C2-AA3D-FD8AEABCAF9C}"
EndProject
Project("{FAE04EC0-301F-11D3-BF4B-00C04F79EFBC}") = "07. Splitting Strings", "Splitting-Strings\07. Splitting Strings.csproj", "{3176EAA0-9D57-4C02-A7C9-6AC4B989B865}"
EndProject
Project("{FAE04EC0-301F-11D3-BF4B-00C04F79EFBC}") = "08. Other String Operations", "Other-String-Operations\08. Other String Operations.csproj", "{FD4B8A6C-EC78-413C-BCDB-80EA1E3281F7}"
EndProject
Project("{FAE04EC0-301F-11D3-BF4B-00C04F79EFBC}") = "10. StringBuilder Example", "StringBuilder-Demo\10. StringBuilder Example.csproj", "{5E5EC1FA-FF0A-4694-AE2C-F846B6830FB4}"
EndProject
Project("{FAE04EC0-301F-11D3-BF4B-00C04F79EFBC}") = "11. Formatting Strings", "Formatting-Strings\11. Formatting Strings.csproj", "{99FA72AB-F0CB-495A-B5F0-47EB7F4B4A48}"
EndProject
Project("{FAE04EC0-301F-11D3-BF4B-00C04F79EFBC}") = "01. First Example", "First-Example\01. First Example.csproj", "{03D1A9BF-8B0B-4482-B86F-ABA2AAC2CCC4}"
EndProject
Project("{FAE04EC0-301F-11D3-BF4B-00C04F79EFBC}") = "09. Slow Building Strings", "SlowBuildingStrings\09. Slow Building Strings.csproj", "{8BF80141-C928-4336-89E4-D8A78087F513}"
EndProject
Project("{FAE04EC0-301F-11D3-BF4B-00C04F79EFBC}") = "12. Parsing Numbers and Dates", "Parsing-Numbers-and-Dates\12. Parsing Numbers and Dates.csproj", "{4D926876-5C04-426F-B131-EF1ECEEA6898}"
EndProject
Global
	GlobalSection(SolutionConfigurationPlatforms) = preSolution
		Debug|Any CPU = Debug|Any CPU
		Debug|Mixed Platforms = Debug|Mixed Platforms
		Debug|x86 = Debug|x86
		Release|Any CPU = Release|Any CPU
		Release|Mixed Platforms = Release|Mixed Platforms
		Release|x86 = Release|x86
	EndGlobalSection
	GlobalSection(ProjectConfigurationPlatforms) = postSolution
		{746865EE-2979-489B-B535-8F5D4D366CB5}.Debug|Any CPU.ActiveCfg = Debug|Any CPU
		{746865EE-2979-489B-B535-8F5D4D366CB5}.Debug|Any CPU.Build.0 = Debug|Any CPU
		{746865EE-2979-489B-B535-8F5D4D366CB5}.Debug|Mixed Platforms.ActiveCfg = Debug|Any CPU
		{746865EE-2979-489B-B535-8F5D4D366CB5}.Debug|Mixed Platforms.Build.0 = Debug|Any CPU
		{746865EE-2979-489B-B535-8F5D4D366CB5}.Debug|x86.ActiveCfg = Debug|Any CPU
		{746865EE-2979-489B-B535-8F5D4D366CB5}.Release|Any CPU.ActiveCfg = Release|Any CPU
		{746865EE-2979-489B-B535-8F5D4D366CB5}.Release|Any CPU.Build.0 = Release|Any CPU
		{746865EE-2979-489B-B535-8F5D4D366CB5}.Release|Mixed Platforms.ActiveCfg = Release|Any CPU
		{746865EE-2979-489B-B535-8F5D4D366CB5}.Release|Mixed Platforms.Build.0 = Release|Any CPU
		{746865EE-2979-489B-B535-8F5D4D366CB5}.Release|x86.ActiveCfg = Release|Any CPU
		{B6CE7794-0819-4D38-8337-DFB946C6C2FA}.Debug|Any CPU.ActiveCfg = Debug|Any CPU
		{B6CE7794-0819-4D38-8337-DFB946C6C2FA}.Debug|Any CPU.Build.0 = Debug|Any CPU
		{B6CE7794-0819-4D38-8337-DFB946C6C2FA}.Debug|Mixed Platforms.ActiveCfg = Debug|Any CPU
		{B6CE7794-0819-4D38-8337-DFB946C6C2FA}.Debug|Mixed Platforms.Build.0 = Debug|Any CPU
		{B6CE7794-0819-4D38-8337-DFB946C6C2FA}.Debug|x86.ActiveCfg = Debug|Any CPU
		{B6CE7794-0819-4D38-8337-DFB946C6C2FA}.Release|Any CPU.ActiveCfg = Release|Any CPU
		{B6CE7794-0819-4D38-8337-DFB946C6C2FA}.Release|Any CPU.Build.0 = Release|Any CPU
		{B6CE7794-0819-4D38-8337-DFB946C6C2FA}.Release|Mixed Platforms.ActiveCfg = Release|Any CPU
		{B6CE7794-0819-4D38-8337-DFB946C6C2FA}.Release|Mixed Platforms.Build.0 = Release|Any CPU
		{B6CE7794-0819-4D38-8337-DFB946C6C2FA}.Release|x86.ActiveCfg = Release|Any CPU
		{B4F24D89-9AA9-4C3C-8B2A-80D8D845D071}.Debug|Any CPU.ActiveCfg = Debug|Any CPU
		{B4F24D89-9AA9-4C3C-8B2A-80D8D845D071}.Debug|Any CPU.Build.0 = Debug|Any CPU
		{B4F24D89-9AA9-4C3C-8B2A-80D8D845D071}.Debug|Mixed Platforms.ActiveCfg = Debug|Any CPU
		{B4F24D89-9AA9-4C3C-8B2A-80D8D845D071}.Debug|Mixed Platforms.Build.0 = Debug|Any CPU
		{B4F24D89-9AA9-4C3C-8B2A-80D8D845D071}.Debug|x86.ActiveCfg = Debug|Any CPU
		{B4F24D89-9AA9-4C3C-8B2A-80D8D845D071}.Release|Any CPU.ActiveCfg = Release|Any CPU
		{B4F24D89-9AA9-4C3C-8B2A-80D8D845D071}.Release|Any CPU.Build.0 = Release|Any CPU
		{B4F24D89-9AA9-4C3C-8B2A-80D8D845D071}.Release|Mixed Platforms.ActiveCfg = Release|Any CPU
		{B4F24D89-9AA9-4C3C-8B2A-80D8D845D071}.Release|Mixed Platforms.Build.0 = Release|Any CPU
		{B4F24D89-9AA9-4C3C-8B2A-80D8D845D071}.Release|x86.ActiveCfg = Release|Any CPU
		{E292D6FA-E2F3-46A8-BBB5-E4D2BC345E98}.Debug|Any CPU.ActiveCfg = Debug|Any CPU
		{E292D6FA-E2F3-46A8-BBB5-E4D2BC345E98}.Debug|Any CPU.Build.0 = Debug|Any CPU
		{E292D6FA-E2F3-46A8-BBB5-E4D2BC345E98}.Debug|Mixed Platforms.ActiveCfg = Debug|Any CPU
		{E292D6FA-E2F3-46A8-BBB5-E4D2BC345E98}.Debug|Mixed Platforms.Build.0 = Debug|Any CPU
		{E292D6FA-E2F3-46A8-BBB5-E4D2BC345E98}.Debug|x86.ActiveCfg = Debug|Any CPU
		{E292D6FA-E2F3-46A8-BBB5-E4D2BC345E98}.Release|Any CPU.ActiveCfg = Release|Any CPU
		{E292D6FA-E2F3-46A8-BBB5-E4D2BC345E98}.Release|Any CPU.Build.0 = Release|Any CPU
		{E292D6FA-E2F3-46A8-BBB5-E4D2BC345E98}.Release|Mixed Platforms.ActiveCfg = Release|Any CPU
		{E292D6FA-E2F3-46A8-BBB5-E4D2BC345E98}.Release|Mixed Platforms.Build.0 = Release|Any CPU
		{E292D6FA-E2F3-46A8-BBB5-E4D2BC345E98}.Release|x86.ActiveCfg = Release|Any CPU
		{3AAB5D38-E8B2-42C2-AA3D-FD8AEABCAF9C}.Debug|Any CPU.ActiveCfg = Debug|Any CPU
		{3AAB5D38-E8B2-42C2-AA3D-FD8AEABCAF9C}.Debug|Any CPU.Build.0 = Debug|Any CPU
		{3AAB5D38-E8B2-42C2-AA3D-FD8AEABCAF9C}.Debug|Mixed Platforms.ActiveCfg = Debug|Any CPU
		{3AAB5D38-E8B2-42C2-AA3D-FD8AEABCAF9C}.Debug|Mixed Platforms.Build.0 = Debug|Any CPU
		{3AAB5D38-E8B2-42C2-AA3D-FD8AEABCAF9C}.Debug|x86.ActiveCfg = Debug|Any CPU
		{3AAB5D38-E8B2-42C2-AA3D-FD8AEABCAF9C}.Release|Any CPU.ActiveCfg = Release|Any CPU
		{3AAB5D38-E8B2-42C2-AA3D-FD8AEABCAF9C}.Release|Any CPU.Build.0 = Release|Any CPU
		{3AAB5D38-E8B2-42C2-AA3D-FD8AEABCAF9C}.Release|Mixed Platforms.ActiveCfg = Release|Any CPU
		{3AAB5D38-E8B2-42C2-AA3D-FD8AEABCAF9C}.Release|Mixed Platforms.Build.0 = Release|Any CPU
		{3AAB5D38-E8B2-42C2-AA3D-FD8AEABCAF9C}.Release|x86.ActiveCfg = Release|Any CPU
		{3176EAA0-9D57-4C02-A7C9-6AC4B989B865}.Debug|Any CPU.ActiveCfg = Debug|Any CPU
		{3176EAA0-9D57-4C02-A7C9-6AC4B989B865}.Debug|Any CPU.Build.0 = Debug|Any CPU
		{3176EAA0-9D57-4C02-A7C9-6AC4B989B865}.Debug|Mixed Platforms.ActiveCfg = Debug|Any CPU
		{3176EAA0-9D57-4C02-A7C9-6AC4B989B865}.Debug|Mixed Platforms.Build.0 = Debug|Any CPU
		{3176EAA0-9D57-4C02-A7C9-6AC4B989B865}.Debug|x86.ActiveCfg = Debug|Any CPU
		{3176EAA0-9D57-4C02-A7C9-6AC4B989B865}.Release|Any CPU.ActiveCfg = Release|Any CPU
		{3176EAA0-9D57-4C02-A7C9-6AC4B989B865}.Release|Any CPU.Build.0 = Release|Any CPU
		{3176EAA0-9D57-4C02-A7C9-6AC4B989B865}.Release|Mixed Platforms.ActiveCfg = Release|Any CPU
		{3176EAA0-9D57-4C02-A7C9-6AC4B989B865}.Release|Mixed Platforms.Build.0 = Release|Any CPU
		{3176EAA0-9D57-4C02-A7C9-6AC4B989B865}.Release|x86.ActiveCfg = Release|Any CPU
		{FD4B8A6C-EC78-413C-BCDB-80EA1E3281F7}.Debug|Any CPU.ActiveCfg = Debug|Any CPU
		{FD4B8A6C-EC78-413C-BCDB-80EA1E3281F7}.Debug|Any CPU.Build.0 = Debug|Any CPU
		{FD4B8A6C-EC78-413C-BCDB-80EA1E3281F7}.Debug|Mixed Platforms.ActiveCfg = Debug|Any CPU
		{FD4B8A6C-EC78-413C-BCDB-80EA1E3281F7}.Debug|Mixed Platforms.Build.0 = Debug|Any CPU
		{FD4B8A6C-EC78-413C-BCDB-80EA1E3281F7}.Debug|x86.ActiveCfg = Debug|Any CPU
		{FD4B8A6C-EC78-413C-BCDB-80EA1E3281F7}.Release|Any CPU.ActiveCfg = Release|Any CPU
		{FD4B8A6C-EC78-413C-BCDB-80EA1E3281F7}.Release|Any CPU.Build.0 = Release|Any CPU
		{FD4B8A6C-EC78-413C-BCDB-80EA1E3281F7}.Release|Mixed Platforms.ActiveCfg = Release|Any CPU
		{FD4B8A6C-EC78-413C-BCDB-80EA1E3281F7}.Release|Mixed Platforms.Build.0 = Release|Any CPU
		{FD4B8A6C-EC78-413C-BCDB-80EA1E3281F7}.Release|x86.ActiveCfg = Release|Any CPU
		{5E5EC1FA-FF0A-4694-AE2C-F846B6830FB4}.Debug|Any CPU.ActiveCfg = Debug|Any CPU
		{5E5EC1FA-FF0A-4694-AE2C-F846B6830FB4}.Debug|Any CPU.Build.0 = Debug|Any CPU
		{5E5EC1FA-FF0A-4694-AE2C-F846B6830FB4}.Debug|Mixed Platforms.ActiveCfg = Debug|Any CPU
		{5E5EC1FA-FF0A-4694-AE2C-F846B6830FB4}.Debug|Mixed Platforms.Build.0 = Debug|Any CPU
		{5E5EC1FA-FF0A-4694-AE2C-F846B6830FB4}.Debug|x86.ActiveCfg = Debug|Any CPU
		{5E5EC1FA-FF0A-4694-AE2C-F846B6830FB4}.Release|Any CPU.ActiveCfg = Release|Any CPU
		{5E5EC1FA-FF0A-4694-AE2C-F846B6830FB4}.Release|Any CPU.Build.0 = Release|Any CPU
		{5E5EC1FA-FF0A-4694-AE2C-F846B6830FB4}.Release|Mixed Platforms.ActiveCfg = Release|Any CPU
		{5E5EC1FA-FF0A-4694-AE2C-F846B6830FB4}.Release|Mixed Platforms.Build.0 = Release|Any CPU
		{5E5EC1FA-FF0A-4694-AE2C-F846B6830FB4}.Release|x86.ActiveCfg = Release|Any CPU
		{99FA72AB-F0CB-495A-B5F0-47EB7F4B4A48}.Debug|Any CPU.ActiveCfg = Debug|Any CPU
		{99FA72AB-F0CB-495A-B5F0-47EB7F4B4A48}.Debug|Any CPU.Build.0 = Debug|Any CPU
		{99FA72AB-F0CB-495A-B5F0-47EB7F4B4A48}.Debug|Mixed Platforms.ActiveCfg = Debug|Any CPU
		{99FA72AB-F0CB-495A-B5F0-47EB7F4B4A48}.Debug|Mixed Platforms.Build.0 = Debug|Any CPU
		{99FA72AB-F0CB-495A-B5F0-47EB7F4B4A48}.Debug|x86.ActiveCfg = Debug|Any CPU
		{99FA72AB-F0CB-495A-B5F0-47EB7F4B4A48}.Release|Any CPU.ActiveCfg = Release|Any CPU
		{99FA72AB-F0CB-495A-B5F0-47EB7F4B4A48}.Release|Any CPU.Build.0 = Release|Any CPU
		{99FA72AB-F0CB-495A-B5F0-47EB7F4B4A48}.Release|Mixed Platforms.ActiveCfg = Release|Any CPU
		{99FA72AB-F0CB-495A-B5F0-47EB7F4B4A48}.Release|Mixed Platforms.Build.0 = Release|Any CPU
		{99FA72AB-F0CB-495A-B5F0-47EB7F4B4A48}.Release|x86.ActiveCfg = Release|Any CPU
		{03D1A9BF-8B0B-4482-B86F-ABA2AAC2CCC4}.Debug|Any CPU.ActiveCfg = Debug|Any CPU
		{03D1A9BF-8B0B-4482-B86F-ABA2AAC2CCC4}.Debug|Any CPU.Build.0 = Debug|Any CPU
		{03D1A9BF-8B0B-4482-B86F-ABA2AAC2CCC4}.Debug|Mixed Platforms.ActiveCfg = Debug|Any CPU
		{03D1A9BF-8B0B-4482-B86F-ABA2AAC2CCC4}.Debug|Mixed Platforms.Build.0 = Debug|Any CPU
		{03D1A9BF-8B0B-4482-B86F-ABA2AAC2CCC4}.Debug|x86.ActiveCfg = Debug|Any CPU
		{03D1A9BF-8B0B-4482-B86F-ABA2AAC2CCC4}.Release|Any CPU.ActiveCfg = Release|Any CPU
		{03D1A9BF-8B0B-4482-B86F-ABA2AAC2CCC4}.Release|Any CPU.Build.0 = Release|Any CPU
		{03D1A9BF-8B0B-4482-B86F-ABA2AAC2CCC4}.Release|Mixed Platforms.ActiveCfg = Release|Any CPU
		{03D1A9BF-8B0B-4482-B86F-ABA2AAC2CCC4}.Release|Mixed Platforms.Build.0 = Release|Any CPU
		{03D1A9BF-8B0B-4482-B86F-ABA2AAC2CCC4}.Release|x86.ActiveCfg = Release|Any CPU
		{8BF80141-C928-4336-89E4-D8A78087F513}.Debug|Any CPU.ActiveCfg = Debug|Any CPU
		{8BF80141-C928-4336-89E4-D8A78087F513}.Debug|Any CPU.Build.0 = Debug|Any CPU
		{8BF80141-C928-4336-89E4-D8A78087F513}.Debug|Mixed Platforms.ActiveCfg = Debug|Any CPU
		{8BF80141-C928-4336-89E4-D8A78087F513}.Debug|Mixed Platforms.Build.0 = Debug|Any CPU
		{8BF80141-C928-4336-89E4-D8A78087F513}.Debug|x86.ActiveCfg = Debug|Any CPU
		{8BF80141-C928-4336-89E4-D8A78087F513}.Release|Any CPU.ActiveCfg = Release|Any CPU
		{8BF80141-C928-4336-89E4-D8A78087F513}.Release|Any CPU.Build.0 = Release|Any CPU
		{8BF80141-C928-4336-89E4-D8A78087F513}.Release|Mixed Platforms.ActiveCfg = Release|Any CPU
		{8BF80141-C928-4336-89E4-D8A78087F513}.Release|Mixed Platforms.Build.0 = Release|Any CPU
		{8BF80141-C928-4336-89E4-D8A78087F513}.Release|x86.ActiveCfg = Release|Any CPU
		{4D926876-5C04-426F-B131-EF1ECEEA6898}.Debug|Any CPU.ActiveCfg = Debug|x86
		{4D926876-5C04-426F-B131-EF1ECEEA6898}.Debug|Mixed Platforms.ActiveCfg = Debug|x86
		{4D926876-5C04-426F-B131-EF1ECEEA6898}.Debug|Mixed Platforms.Build.0 = Debug|x86
		{4D926876-5C04-426F-B131-EF1ECEEA6898}.Debug|x86.ActiveCfg = Debug|x86
		{4D926876-5C04-426F-B131-EF1ECEEA6898}.Debug|x86.Build.0 = Debug|x86
		{4D926876-5C04-426F-B131-EF1ECEEA6898}.Release|Any CPU.ActiveCfg = Release|x86
		{4D926876-5C04-426F-B131-EF1ECEEA6898}.Release|Mixed Platforms.ActiveCfg = Release|x86
		{4D926876-5C04-426F-B131-EF1ECEEA6898}.Release|Mixed Platforms.Build.0 = Release|x86
		{4D926876-5C04-426F-B131-EF1ECEEA6898}.Release|x86.ActiveCfg = Release|x86
		{4D926876-5C04-426F-B131-EF1ECEEA6898}.Release|x86.Build.0 = Release|x86
	EndGlobalSection
	GlobalSection(SolutionProperties) = preSolution
		HideSolutionNode = FALSE
	EndGlobalSection
EndGlobal
