
Microsoft Visual Studio Solution File, Format Version 12.00
# Visual Studio 15
VisualStudioVersion = 15.0.27428.2005
MinimumVisualStudioVersion = 10.0.40219.1
Project("{FAE04EC0-301F-11D3-BF4B-00C04F79EFBC}") = "01. Permutations without Repetitions", "01. Permutations without Repetitions\01. Permutations without Repetitions.csproj", "{519F1747-2B8A-403B-8FED-73C4D6C41A7B}"
EndProject
Project("{FAE04EC0-301F-11D3-BF4B-00C04F79EFBC}") = "02. Permutations with Repetitions", "02. Permutations with Repetitions\02. Permutations with Repetitions.csproj", "{F6EA68DA-5A61-4E06-B58C-E17A1BC4ED24}"
EndProject
Project("{FAE04EC0-301F-11D3-BF4B-00C04F79EFBC}") = "03. Variations without Repetitions", "03. Variations without Repetitions\03. Variations without Repetitions.csproj", "{BBD71EA1-67C6-4543-A37C-59E47559EA56}"
EndProject
Project("{FAE04EC0-301F-11D3-BF4B-00C04F79EFBC}") = "04. Variations with Repetition", "04. Variations with Repetition\04. Variations with Repetition.csproj", "{D31EB4D6-D277-4634-95F6-85BDD26074A1}"
EndProject
Project("{FAE04EC0-301F-11D3-BF4B-00C04F79EFBC}") = "05. Combinations without Repetition", "05. Combinations without Repetition\05. Combinations without Repetition.csproj", "{6D20FAE9-72CD-4BC4-9B42-686B1C3A1D31}"
EndProject
Project("{FAE04EC0-301F-11D3-BF4B-00C04F79EFBC}") = "06. Combinations with Repetition", "06. Combinations with Repetition\06. Combinations with Repetition.csproj", "{1649F28E-6F90-4B66-A7A6-A18C36B2FE62}"
EndProject
Project("{FAE04EC0-301F-11D3-BF4B-00C04F79EFBC}") = "07. N Choose K Count", "07. N Choose K Count\07. N Choose K Count.csproj", "{A77429AD-9641-45D8-9380-667F708AAFA1}"
EndProject
Global
	GlobalSection(SolutionConfigurationPlatforms) = preSolution
		Debug|Any CPU = Debug|Any CPU
		Release|Any CPU = Release|Any CPU
	EndGlobalSection
	GlobalSection(ProjectConfigurationPlatforms) = postSolution
		{519F1747-2B8A-403B-8FED-73C4D6C41A7B}.Debug|Any CPU.ActiveCfg = Debug|Any CPU
		{519F1747-2B8A-403B-8FED-73C4D6C41A7B}.Debug|Any CPU.Build.0 = Debug|Any CPU
		{519F1747-2B8A-403B-8FED-73C4D6C41A7B}.Release|Any CPU.ActiveCfg = Release|Any CPU
		{519F1747-2B8A-403B-8FED-73C4D6C41A7B}.Release|Any CPU.Build.0 = Release|Any CPU
		{F6EA68DA-5A61-4E06-B58C-E17A1BC4ED24}.Debug|Any CPU.ActiveCfg = Debug|Any CPU
		{F6EA68DA-5A61-4E06-B58C-E17A1BC4ED24}.Debug|Any CPU.Build.0 = Debug|Any CPU
		{F6EA68DA-5A61-4E06-B58C-E17A1BC4ED24}.Release|Any CPU.ActiveCfg = Release|Any CPU
		{F6EA68DA-5A61-4E06-B58C-E17A1BC4ED24}.Release|Any CPU.Build.0 = Release|Any CPU
		{BBD71EA1-67C6-4543-A37C-59E47559EA56}.Debug|Any CPU.ActiveCfg = Debug|Any CPU
		{BBD71EA1-67C6-4543-A37C-59E47559EA56}.Debug|Any CPU.Build.0 = Debug|Any CPU
		{BBD71EA1-67C6-4543-A37C-59E47559EA56}.Release|Any CPU.ActiveCfg = Release|Any CPU
		{BBD71EA1-67C6-4543-A37C-59E47559EA56}.Release|Any CPU.Build.0 = Release|Any CPU
		{D31EB4D6-D277-4634-95F6-85BDD26074A1}.Debug|Any CPU.ActiveCfg = Debug|Any CPU
		{D31EB4D6-D277-4634-95F6-85BDD26074A1}.Debug|Any CPU.Build.0 = Debug|Any CPU
		{D31EB4D6-D277-4634-95F6-85BDD26074A1}.Release|Any CPU.ActiveCfg = Release|Any CPU
		{D31EB4D6-D277-4634-95F6-85BDD26074A1}.Release|Any CPU.Build.0 = Release|Any CPU
		{6D20FAE9-72CD-4BC4-9B42-686B1C3A1D31}.Debug|Any CPU.ActiveCfg = Debug|Any CPU
		{6D20FAE9-72CD-4BC4-9B42-686B1C3A1D31}.Debug|Any CPU.Build.0 = Debug|Any CPU
		{6D20FAE9-72CD-4BC4-9B42-686B1C3A1D31}.Release|Any CPU.ActiveCfg = Release|Any CPU
		{6D20FAE9-72CD-4BC4-9B42-686B1C3A1D31}.Release|Any CPU.Build.0 = Release|Any CPU
		{1649F28E-6F90-4B66-A7A6-A18C36B2FE62}.Debug|Any CPU.ActiveCfg = Debug|Any CPU
		{1649F28E-6F90-4B66-A7A6-A18C36B2FE62}.Debug|Any CPU.Build.0 = Debug|Any CPU
		{1649F28E-6F90-4B66-A7A6-A18C36B2FE62}.Release|Any CPU.ActiveCfg = Release|Any CPU
		{1649F28E-6F90-4B66-A7A6-A18C36B2FE62}.Release|Any CPU.Build.0 = Release|Any CPU
		{A77429AD-9641-45D8-9380-667F708AAFA1}.Debug|Any CPU.ActiveCfg = Debug|Any CPU
		{A77429AD-9641-45D8-9380-667F708AAFA1}.Debug|Any CPU.Build.0 = Debug|Any CPU
		{A77429AD-9641-45D8-9380-667F708AAFA1}.Release|Any CPU.ActiveCfg = Release|Any CPU
		{A77429AD-9641-45D8-9380-667F708AAFA1}.Release|Any CPU.Build.0 = Release|Any CPU
	EndGlobalSection
	GlobalSection(SolutionProperties) = preSolution
		HideSolutionNode = FALSE
	EndGlobalSection
	GlobalSection(ExtensibilityGlobals) = postSolution
		SolutionGuid = {836B1171-AB59-401B-B72A-78A475C7EB96}
	EndGlobalSection
EndGlobal
