
Microsoft Visual Studio Solution File, Format Version 12.00
# Visual Studio 15
VisualStudioVersion = 15.0.27004.2006
MinimumVisualStudioVersion = 10.0.40219.1
Project("{FAE04EC0-301F-11D3-BF4B-00C04F79EFBC}") = "01. Key Revolver", "01. Key Revolver\01. Key Revolver.csproj", "{E641BF59-A5A3-4677-8738-BCD38E9E6AB7}"
EndProject
Project("{FAE04EC0-301F-11D3-BF4B-00C04F79EFBC}") = "02. Sneaking", "02. Sneaking\02. Sneaking.csproj", "{8F74D8CE-6EAB-4241-B109-ECB8B012957D}"
EndProject
Project("{FAE04EC0-301F-11D3-BF4B-00C04F79EFBC}") = "03. Crypto Blockchain", "03. Crypto Blockchain\03. Crypto Blockchain.csproj", "{C4449320-8737-49C7-9F7F-33FB0F858AF0}"
EndProject
Project("{FAE04EC0-301F-11D3-BF4B-00C04F79EFBC}") = "04. Hit List", "04. Hit List\04. Hit List.csproj", "{9FD6F075-C51F-402C-BE41-E9F314D0589C}"
EndProject
Global
	GlobalSection(SolutionConfigurationPlatforms) = preSolution
		Debug|Any CPU = Debug|Any CPU
		Release|Any CPU = Release|Any CPU
	EndGlobalSection
	GlobalSection(ProjectConfigurationPlatforms) = postSolution
		{E641BF59-A5A3-4677-8738-BCD38E9E6AB7}.Debug|Any CPU.ActiveCfg = Debug|Any CPU
		{E641BF59-A5A3-4677-8738-BCD38E9E6AB7}.Debug|Any CPU.Build.0 = Debug|Any CPU
		{E641BF59-A5A3-4677-8738-BCD38E9E6AB7}.Release|Any CPU.ActiveCfg = Release|Any CPU
		{E641BF59-A5A3-4677-8738-BCD38E9E6AB7}.Release|Any CPU.Build.0 = Release|Any CPU
		{8F74D8CE-6EAB-4241-B109-ECB8B012957D}.Debug|Any CPU.ActiveCfg = Debug|Any CPU
		{8F74D8CE-6EAB-4241-B109-ECB8B012957D}.Debug|Any CPU.Build.0 = Debug|Any CPU
		{8F74D8CE-6EAB-4241-B109-ECB8B012957D}.Release|Any CPU.ActiveCfg = Release|Any CPU
		{8F74D8CE-6EAB-4241-B109-ECB8B012957D}.Release|Any CPU.Build.0 = Release|Any CPU
		{C4449320-8737-49C7-9F7F-33FB0F858AF0}.Debug|Any CPU.ActiveCfg = Debug|Any CPU
		{C4449320-8737-49C7-9F7F-33FB0F858AF0}.Debug|Any CPU.Build.0 = Debug|Any CPU
		{C4449320-8737-49C7-9F7F-33FB0F858AF0}.Release|Any CPU.ActiveCfg = Release|Any CPU
		{C4449320-8737-49C7-9F7F-33FB0F858AF0}.Release|Any CPU.Build.0 = Release|Any CPU
		{9FD6F075-C51F-402C-BE41-E9F314D0589C}.Debug|Any CPU.ActiveCfg = Debug|Any CPU
		{9FD6F075-C51F-402C-BE41-E9F314D0589C}.Debug|Any CPU.Build.0 = Debug|Any CPU
		{9FD6F075-C51F-402C-BE41-E9F314D0589C}.Release|Any CPU.ActiveCfg = Release|Any CPU
		{9FD6F075-C51F-402C-BE41-E9F314D0589C}.Release|Any CPU.Build.0 = Release|Any CPU
	EndGlobalSection
	GlobalSection(SolutionProperties) = preSolution
		HideSolutionNode = FALSE
	EndGlobalSection
	GlobalSection(ExtensibilityGlobals) = postSolution
		SolutionGuid = {3A4CF1C4-A21D-43B0-86C3-F9DB891AA0F9}
	EndGlobalSection
EndGlobal
