
Microsoft Visual Studio Solution File, Format Version 12.00
# Visual Studio 15
VisualStudioVersion = 15.0.27004.2006
MinimumVisualStudioVersion = 10.0.40219.1
Project("{FAE04EC0-301F-11D3-BF4B-00C04F79EFBC}") = "01.SingleInheritance", "01. Single Inheritance\01.SingleInheritance.csproj", "{2C95206F-DBBD-4A36-98C8-A2A7DC96D00A}"
EndProject
Project("{FAE04EC0-301F-11D3-BF4B-00C04F79EFBC}") = "02.MultipleInheritance", "02. Multiple Inheritance\02.MultipleInheritance.csproj", "{54CFF00D-ADB2-4C3D-9927-B589E562F772}"
EndProject
Project("{FAE04EC0-301F-11D3-BF4B-00C04F79EFBC}") = "03.HierarchicalInheritance", "03. Hierarchical Inheritance\03.HierarchicalInheritance.csproj", "{E4B0A1D7-71B7-4586-95E6-93AC68F6F041}"
EndProject
Project("{FAE04EC0-301F-11D3-BF4B-00C04F79EFBC}") = "04.RandomList", "04. Random List\04.RandomList.csproj", "{DDC0A849-8CF2-46F3-ADFD-791C4B1BB2EB}"
EndProject
Project("{FAE04EC0-301F-11D3-BF4B-00C04F79EFBC}") = "05.StackOfStrings", "05. Stack of Strings\05.StackOfStrings.csproj", "{7A6B860B-917D-4868-A623-C28868FA9EFC}"
EndProject
Global
	GlobalSection(SolutionConfigurationPlatforms) = preSolution
		Debug|Any CPU = Debug|Any CPU
		Release|Any CPU = Release|Any CPU
	EndGlobalSection
	GlobalSection(ProjectConfigurationPlatforms) = postSolution
		{2C95206F-DBBD-4A36-98C8-A2A7DC96D00A}.Debug|Any CPU.ActiveCfg = Debug|Any CPU
		{2C95206F-DBBD-4A36-98C8-A2A7DC96D00A}.Debug|Any CPU.Build.0 = Debug|Any CPU
		{2C95206F-DBBD-4A36-98C8-A2A7DC96D00A}.Release|Any CPU.ActiveCfg = Release|Any CPU
		{2C95206F-DBBD-4A36-98C8-A2A7DC96D00A}.Release|Any CPU.Build.0 = Release|Any CPU
		{54CFF00D-ADB2-4C3D-9927-B589E562F772}.Debug|Any CPU.ActiveCfg = Debug|Any CPU
		{54CFF00D-ADB2-4C3D-9927-B589E562F772}.Debug|Any CPU.Build.0 = Debug|Any CPU
		{54CFF00D-ADB2-4C3D-9927-B589E562F772}.Release|Any CPU.ActiveCfg = Release|Any CPU
		{54CFF00D-ADB2-4C3D-9927-B589E562F772}.Release|Any CPU.Build.0 = Release|Any CPU
		{E4B0A1D7-71B7-4586-95E6-93AC68F6F041}.Debug|Any CPU.ActiveCfg = Debug|Any CPU
		{E4B0A1D7-71B7-4586-95E6-93AC68F6F041}.Debug|Any CPU.Build.0 = Debug|Any CPU
		{E4B0A1D7-71B7-4586-95E6-93AC68F6F041}.Release|Any CPU.ActiveCfg = Release|Any CPU
		{E4B0A1D7-71B7-4586-95E6-93AC68F6F041}.Release|Any CPU.Build.0 = Release|Any CPU
		{DDC0A849-8CF2-46F3-ADFD-791C4B1BB2EB}.Debug|Any CPU.ActiveCfg = Debug|Any CPU
		{DDC0A849-8CF2-46F3-ADFD-791C4B1BB2EB}.Debug|Any CPU.Build.0 = Debug|Any CPU
		{DDC0A849-8CF2-46F3-ADFD-791C4B1BB2EB}.Release|Any CPU.ActiveCfg = Release|Any CPU
		{DDC0A849-8CF2-46F3-ADFD-791C4B1BB2EB}.Release|Any CPU.Build.0 = Release|Any CPU
		{7A6B860B-917D-4868-A623-C28868FA9EFC}.Debug|Any CPU.ActiveCfg = Debug|Any CPU
		{7A6B860B-917D-4868-A623-C28868FA9EFC}.Debug|Any CPU.Build.0 = Debug|Any CPU
		{7A6B860B-917D-4868-A623-C28868FA9EFC}.Release|Any CPU.ActiveCfg = Release|Any CPU
		{7A6B860B-917D-4868-A623-C28868FA9EFC}.Release|Any CPU.Build.0 = Release|Any CPU
	EndGlobalSection
	GlobalSection(SolutionProperties) = preSolution
		HideSolutionNode = FALSE
	EndGlobalSection
	GlobalSection(ExtensibilityGlobals) = postSolution
		SolutionGuid = {419A49B3-BCA7-41CF-9191-B4615DF516D9}
	EndGlobalSection
EndGlobal
