
Microsoft Visual Studio Solution File, Format Version 12.00
# Visual Studio 15
VisualStudioVersion = 15.0.27004.2006
MinimumVisualStudioVersion = 10.0.40219.1
Project("{FAE04EC0-301F-11D3-BF4B-00C04F79EFBC}") = "Enterprise", "Enterprise\Enterprise\Enterprise.csproj", "{CE5A5B7E-2092-4AC0-A208-A07F50BC78DC}"
EndProject
Project("{FAE04EC0-301F-11D3-BF4B-00C04F79EFBC}") = "Enterprise.Tests", "Enterprise.Tests\Enterprise.Tests.csproj", "{FA4DDE6C-BD2A-4854-B057-423846E9615A}"
EndProject
Global
	GlobalSection(SolutionConfigurationPlatforms) = preSolution
		Debug|Any CPU = Debug|Any CPU
		Release|Any CPU = Release|Any CPU
	EndGlobalSection
	GlobalSection(ProjectConfigurationPlatforms) = postSolution
		{CE5A5B7E-2092-4AC0-A208-A07F50BC78DC}.Debug|Any CPU.ActiveCfg = Debug|Any CPU
		{CE5A5B7E-2092-4AC0-A208-A07F50BC78DC}.Debug|Any CPU.Build.0 = Debug|Any CPU
		{CE5A5B7E-2092-4AC0-A208-A07F50BC78DC}.Release|Any CPU.ActiveCfg = Release|Any CPU
		{CE5A5B7E-2092-4AC0-A208-A07F50BC78DC}.Release|Any CPU.Build.0 = Release|Any CPU
		{FA4DDE6C-BD2A-4854-B057-423846E9615A}.Debug|Any CPU.ActiveCfg = Debug|Any CPU
		{FA4DDE6C-BD2A-4854-B057-423846E9615A}.Debug|Any CPU.Build.0 = Debug|Any CPU
		{FA4DDE6C-BD2A-4854-B057-423846E9615A}.Release|Any CPU.ActiveCfg = Release|Any CPU
		{FA4DDE6C-BD2A-4854-B057-423846E9615A}.Release|Any CPU.Build.0 = Release|Any CPU
	EndGlobalSection
	GlobalSection(SolutionProperties) = preSolution
		HideSolutionNode = FALSE
	EndGlobalSection
	GlobalSection(ExtensibilityGlobals) = postSolution
		SolutionGuid = {78560E97-0626-428F-B7AC-786DC71754CE}
	EndGlobalSection
EndGlobal
