
Microsoft Visual Studio Solution File, Format Version 12.00
# Visual Studio 15
VisualStudioVersion = 15.0.27130.2036
MinimumVisualStudioVersion = 10.0.40219.1
Project("{9A19103F-16F7-4668-BE54-9A1E7A4F7556}") = "FestivalManager", "FestivalManager\FestivalManager.csproj", "{52D5A51C-9295-42A6-BE3A-C33177B60E5C}"
EndProject
Project("{9A19103F-16F7-4668-BE54-9A1E7A4F7556}") = "FestivalManager.Tests", "FestivalManager.Tests\FestivalManager.Tests.csproj", "{CDD9094C-5BD0-4FF5-8FAC-F6E50F878DC0}"
EndProject
Global
	GlobalSection(SolutionConfigurationPlatforms) = preSolution
		Debug|Any CPU = Debug|Any CPU
		Release|Any CPU = Release|Any CPU
		Test|Any CPU = Test|Any CPU
	EndGlobalSection
	GlobalSection(ProjectConfigurationPlatforms) = postSolution
		{52D5A51C-9295-42A6-BE3A-C33177B60E5C}.Debug|Any CPU.ActiveCfg = Debug|Any CPU
		{52D5A51C-9295-42A6-BE3A-C33177B60E5C}.Debug|Any CPU.Build.0 = Debug|Any CPU
		{52D5A51C-9295-42A6-BE3A-C33177B60E5C}.Release|Any CPU.ActiveCfg = Release|Any CPU
		{52D5A51C-9295-42A6-BE3A-C33177B60E5C}.Release|Any CPU.Build.0 = Release|Any CPU
		{52D5A51C-9295-42A6-BE3A-C33177B60E5C}.Test|Any CPU.ActiveCfg = Test|Any CPU
		{52D5A51C-9295-42A6-BE3A-C33177B60E5C}.Test|Any CPU.Build.0 = Test|Any CPU
		{CDD9094C-5BD0-4FF5-8FAC-F6E50F878DC0}.Debug|Any CPU.ActiveCfg = Debug|Any CPU
		{CDD9094C-5BD0-4FF5-8FAC-F6E50F878DC0}.Debug|Any CPU.Build.0 = Debug|Any CPU
		{CDD9094C-5BD0-4FF5-8FAC-F6E50F878DC0}.Release|Any CPU.ActiveCfg = Release|Any CPU
		{CDD9094C-5BD0-4FF5-8FAC-F6E50F878DC0}.Release|Any CPU.Build.0 = Release|Any CPU
		{CDD9094C-5BD0-4FF5-8FAC-F6E50F878DC0}.Test|Any CPU.ActiveCfg = Debug|Any CPU
		{CDD9094C-5BD0-4FF5-8FAC-F6E50F878DC0}.Test|Any CPU.Build.0 = Debug|Any CPU
	EndGlobalSection
	GlobalSection(SolutionProperties) = preSolution
		HideSolutionNode = FALSE
	EndGlobalSection
	GlobalSection(ExtensibilityGlobals) = postSolution
		SolutionGuid = {3059FE8F-2815-4D7B-A596-6977EFB72BD1}
	EndGlobalSection
EndGlobal
