
Microsoft Visual Studio Solution File, Format Version 12.00
# Visual Studio 14
VisualStudioVersion = 14.0.23107.0
MinimumVisualStudioVersion = 10.0.40219.1
Project("{FAE04EC0-301F-11D3-BF4B-00C04F79EFBC}") = "BinaryHeap", "BinaryHeap\BinaryHeap.csproj", "{7D65AE23-025D-4A38-B57F-9A6E9FA3782F}"
EndProject
Project("{FAE04EC0-301F-11D3-BF4B-00C04F79EFBC}") = "BinaryHeap.Tests", "BinaryHeap.Tests\BinaryHeap.Tests.csproj", "{91E00470-98D9-446C-B2CD-E3D9F295EC11}"
EndProject
Global
	GlobalSection(SolutionConfigurationPlatforms) = preSolution
		Debug|Any CPU = Debug|Any CPU
		Release|Any CPU = Release|Any CPU
	EndGlobalSection
	GlobalSection(ProjectConfigurationPlatforms) = postSolution
		{7D65AE23-025D-4A38-B57F-9A6E9FA3782F}.Debug|Any CPU.ActiveCfg = Debug|Any CPU
		{7D65AE23-025D-4A38-B57F-9A6E9FA3782F}.Debug|Any CPU.Build.0 = Debug|Any CPU
		{7D65AE23-025D-4A38-B57F-9A6E9FA3782F}.Release|Any CPU.ActiveCfg = Release|Any CPU
		{7D65AE23-025D-4A38-B57F-9A6E9FA3782F}.Release|Any CPU.Build.0 = Release|Any CPU
		{91E00470-98D9-446C-B2CD-E3D9F295EC11}.Debug|Any CPU.ActiveCfg = Debug|Any CPU
		{91E00470-98D9-446C-B2CD-E3D9F295EC11}.Debug|Any CPU.Build.0 = Debug|Any CPU
		{91E00470-98D9-446C-B2CD-E3D9F295EC11}.Release|Any CPU.ActiveCfg = Release|Any CPU
		{91E00470-98D9-446C-B2CD-E3D9F295EC11}.Release|Any CPU.Build.0 = Release|Any CPU
	EndGlobalSection
	GlobalSection(SolutionProperties) = preSolution
		HideSolutionNode = FALSE
	EndGlobalSection
EndGlobal
