
Microsoft Visual Studio Solution File, Format Version 12.00
# Visual Studio 14
VisualStudioVersion = 14.0.25123.0
MinimumVisualStudioVersion = 10.0.40219.1
Project("{FAE04EC0-301F-11D3-BF4B-00C04F79EFBC}") = "ToDoList", "ToDoList\ToDoList.csproj", "{237F9A69-7E6A-49CA-958C-4C4A95FBCBF6}"
EndProject
Project("{FAE04EC0-301F-11D3-BF4B-00C04F79EFBC}") = "Book Library", "Book Library\Book Library.csproj", "{0652066F-382D-4749-8C98-D63A852FE59F}"
EndProject
Global
	GlobalSection(SolutionConfigurationPlatforms) = preSolution
		Debug|Any CPU = Debug|Any CPU
		Release|Any CPU = Release|Any CPU
	EndGlobalSection
	GlobalSection(ProjectConfigurationPlatforms) = postSolution
		{237F9A69-7E6A-49CA-958C-4C4A95FBCBF6}.Debug|Any CPU.ActiveCfg = Debug|Any CPU
		{237F9A69-7E6A-49CA-958C-4C4A95FBCBF6}.Debug|Any CPU.Build.0 = Debug|Any CPU
		{237F9A69-7E6A-49CA-958C-4C4A95FBCBF6}.Release|Any CPU.ActiveCfg = Release|Any CPU
		{237F9A69-7E6A-49CA-958C-4C4A95FBCBF6}.Release|Any CPU.Build.0 = Release|Any CPU
		{0652066F-382D-4749-8C98-D63A852FE59F}.Debug|Any CPU.ActiveCfg = Debug|Any CPU
		{0652066F-382D-4749-8C98-D63A852FE59F}.Debug|Any CPU.Build.0 = Debug|Any CPU
		{0652066F-382D-4749-8C98-D63A852FE59F}.Release|Any CPU.ActiveCfg = Release|Any CPU
		{0652066F-382D-4749-8C98-D63A852FE59F}.Release|Any CPU.Build.0 = Release|Any CPU
	EndGlobalSection
	GlobalSection(SolutionProperties) = preSolution
		HideSolutionNode = FALSE
	EndGlobalSection
EndGlobal
